
Microsoft Visual Studio Solution File, Format Version 12.00
# Visual Studio Version 16
VisualStudioVersion = 16.0.29911.84
MinimumVisualStudioVersion = 10.0.40219.1
Project("{8BC9CEB8-8B4A-11D0-8D11-00A0C91BC942}") = "OOP", "OOP\OOP.vcxproj", "{AD08703B-FA01-46AB-B276-DE75F4EFC5E6}"
EndProject
Project("{8BC9CEB8-8B4A-11D0-8D11-00A0C91BC942}") = "04주차_과제", "04주차_과제\04주차_과제.vcxproj", "{13873C54-A2CE-4A9C-A026-C61BE30AF33C}"
EndProject
Project("{8BC9CEB8-8B4A-11D0-8D11-00A0C91BC942}") = "05주차_실습", "05주차_실습\05주차_실습.vcxproj", "{D09EC40E-F301-433F-9238-C501194A410D}"
EndProject
Project("{8BC9CEB8-8B4A-11D0-8D11-00A0C91BC942}") = "06주차_실습", "06주차_실습\06주차_실습.vcxproj", "{8DBCF786-217F-457F-ACB8-EF6881A7C783}"
EndProject
Project("{8BC9CEB8-8B4A-11D0-8D11-00A0C91BC942}") = "WEEK7_201902680", "WEEK7_201902680\WEEK7_201902680.vcxproj", "{E9D2C16E-D359-430A-AECD-BC85B4749BFA}"
EndProject
Global
	GlobalSection(SolutionConfigurationPlatforms) = preSolution
		Debug|x64 = Debug|x64
		Debug|x86 = Debug|x86
		Release|x64 = Release|x64
		Release|x86 = Release|x86
	EndGlobalSection
	GlobalSection(ProjectConfigurationPlatforms) = postSolution
		{AD08703B-FA01-46AB-B276-DE75F4EFC5E6}.Debug|x64.ActiveCfg = Debug|x64
		{AD08703B-FA01-46AB-B276-DE75F4EFC5E6}.Debug|x64.Build.0 = Debug|x64
		{AD08703B-FA01-46AB-B276-DE75F4EFC5E6}.Debug|x86.ActiveCfg = Debug|Win32
		{AD08703B-FA01-46AB-B276-DE75F4EFC5E6}.Debug|x86.Build.0 = Debug|Win32
		{AD08703B-FA01-46AB-B276-DE75F4EFC5E6}.Release|x64.ActiveCfg = Release|x64
		{AD08703B-FA01-46AB-B276-DE75F4EFC5E6}.Release|x64.Build.0 = Release|x64
		{AD08703B-FA01-46AB-B276-DE75F4EFC5E6}.Release|x86.ActiveCfg = Release|Win32
		{AD08703B-FA01-46AB-B276-DE75F4EFC5E6}.Release|x86.Build.0 = Release|Win32
		{13873C54-A2CE-4A9C-A026-C61BE30AF33C}.Debug|x64.ActiveCfg = Debug|x64
		{13873C54-A2CE-4A9C-A026-C61BE30AF33C}.Debug|x64.Build.0 = Debug|x64
		{13873C54-A2CE-4A9C-A026-C61BE30AF33C}.Debug|x86.ActiveCfg = Debug|Win32
		{13873C54-A2CE-4A9C-A026-C61BE30AF33C}.Debug|x86.Build.0 = Debug|Win32
		{13873C54-A2CE-4A9C-A026-C61BE30AF33C}.Release|x64.ActiveCfg = Release|x64
		{13873C54-A2CE-4A9C-A026-C61BE30AF33C}.Release|x64.Build.0 = Release|x64
		{13873C54-A2CE-4A9C-A026-C61BE30AF33C}.Release|x86.ActiveCfg = Release|Win32
		{13873C54-A2CE-4A9C-A026-C61BE30AF33C}.Release|x86.Build.0 = Release|Win32
		{D09EC40E-F301-433F-9238-C501194A410D}.Debug|x64.ActiveCfg = Debug|x64
		{D09EC40E-F301-433F-9238-C501194A410D}.Debug|x64.Build.0 = Debug|x64
		{D09EC40E-F301-433F-9238-C501194A410D}.Debug|x86.ActiveCfg = Debug|Win32
		{D09EC40E-F301-433F-9238-C501194A410D}.Debug|x86.Build.0 = Debug|Win32
		{D09EC40E-F301-433F-9238-C501194A410D}.Release|x64.ActiveCfg = Release|x64
		{D09EC40E-F301-433F-9238-C501194A410D}.Release|x64.Build.0 = Release|x64
		{D09EC40E-F301-433F-9238-C501194A410D}.Release|x86.ActiveCfg = Release|Win32
		{D09EC40E-F301-433F-9238-C501194A410D}.Release|x86.Build.0 = Release|Win32
		{8DBCF786-217F-457F-ACB8-EF6881A7C783}.Debug|x64.ActiveCfg = Debug|x64
		{8DBCF786-217F-457F-ACB8-EF6881A7C783}.Debug|x64.Build.0 = Debug|x64
		{8DBCF786-217F-457F-ACB8-EF6881A7C783}.Debug|x86.ActiveCfg = Debug|Win32
		{8DBCF786-217F-457F-ACB8-EF6881A7C783}.Debug|x86.Build.0 = Debug|Win32
		{8DBCF786-217F-457F-ACB8-EF6881A7C783}.Release|x64.ActiveCfg = Release|x64
		{8DBCF786-217F-457F-ACB8-EF6881A7C783}.Release|x64.Build.0 = Release|x64
		{8DBCF786-217F-457F-ACB8-EF6881A7C783}.Release|x86.ActiveCfg = Release|Win32
		{8DBCF786-217F-457F-ACB8-EF6881A7C783}.Release|x86.Build.0 = Release|Win32
		{E9D2C16E-D359-430A-AECD-BC85B4749BFA}.Debug|x64.ActiveCfg = Debug|x64
		{E9D2C16E-D359-430A-AECD-BC85B4749BFA}.Debug|x64.Build.0 = Debug|x64
		{E9D2C16E-D359-430A-AECD-BC85B4749BFA}.Debug|x86.ActiveCfg = Debug|Win32
		{E9D2C16E-D359-430A-AECD-BC85B4749BFA}.Debug|x86.Build.0 = Debug|Win32
		{E9D2C16E-D359-430A-AECD-BC85B4749BFA}.Release|x64.ActiveCfg = Release|x64
		{E9D2C16E-D359-430A-AECD-BC85B4749BFA}.Release|x64.Build.0 = Release|x64
		{E9D2C16E-D359-430A-AECD-BC85B4749BFA}.Release|x86.ActiveCfg = Release|Win32
		{E9D2C16E-D359-430A-AECD-BC85B4749BFA}.Release|x86.Build.0 = Release|Win32
	EndGlobalSection
	GlobalSection(SolutionProperties) = preSolution
		HideSolutionNode = FALSE
	EndGlobalSection
	GlobalSection(ExtensibilityGlobals) = postSolution
		SolutionGuid = {31DEA68C-A533-49AC-B2E5-798F6AB2B619}
	EndGlobalSection
EndGlobal
